// !$*UTF8*$!
{
	archiveVersion = 1;
	classes = {
	};
	objectVersion = 50;
	objects = {

/* Begin PBXBuildFile section */
		18476D84273EFE6A00D62C15 /* StarWarHeroesApp.swift in Sources */ = {isa = PBXBuildFile; fileRef = 18476D83273EFE6A00D62C15 /* StarWarHeroesApp.swift */; };
		18476D86273EFE6A00D62C15 /* ContentView.swift in Sources */ = {isa = PBXBuildFile; fileRef = 18476D85273EFE6A00D62C15 /* ContentView.swift */; };
		18476D88273EFE7100D62C15 /* Assets.xcassets in Resources */ = {isa = PBXBuildFile; fileRef = 18476D87273EFE7100D62C15 /* Assets.xcassets */; };
		18476D8B273EFE7100D62C15 /* Preview Assets.xcassets in Resources */ = {isa = PBXBuildFile; fileRef = 18476D8A273EFE7100D62C15 /* Preview Assets.xcassets */; };
		18476D96273EFE7100D62C15 /* StarWarHeroesTests.swift in Sources */ = {isa = PBXBuildFile; fileRef = 18476D95273EFE7100D62C15 /* StarWarHeroesTests.swift */; };
		18476DA1273EFE7200D62C15 /* StarWarHeroesUITests.swift in Sources */ = {isa = PBXBuildFile; fileRef = 18476DA0273EFE7200D62C15 /* StarWarHeroesUITests.swift */; };
		18476DBA273EFEEF00D62C15 /* HerosData.json in Resources */ = {isa = PBXBuildFile; fileRef = 18476DB9273EFEEF00D62C15 /* HerosData.json */; };
		18476DC7273EFF5900D62C15 /* StarWarList.swift in Sources */ = {isa = PBXBuildFile; fileRef = 18476DC6273EFF5900D62C15 /* StarWarList.swift */; };
		18476DCD273F003700D62C15 /* StarWarResponse.swift in Sources */ = {isa = PBXBuildFile; fileRef = 18476DCC273F003700D62C15 /* StarWarResponse.swift */; };
		18476DD6273F009F00D62C15 /* StarWarCell.swift in Sources */ = {isa = PBXBuildFile; fileRef = 18476DD5273F009F00D62C15 /* StarWarCell.swift */; };
		18476DDB273F012100D62C15 /* HerosLoader.swift in Sources */ = {isa = PBXBuildFile; fileRef = 18476DDA273F012100D62C15 /* HerosLoader.swift */; };
		18476DE1273F01C300D62C15 /* StarWarDetailsView.swift in Sources */ = {isa = PBXBuildFile; fileRef = 18476DE0273F01C300D62C15 /* StarWarDetailsView.swift */; };
		18A4D8D9273F06D2003032D5 /* StarWarImage.swift in Sources */ = {isa = PBXBuildFile; fileRef = 18A4D8D8273F06D2003032D5 /* StarWarImage.swift */; };
		18A4D8E2273F0BE0003032D5 /* ImageLoader.swift in Sources */ = {isa = PBXBuildFile; fileRef = 18A4D8E1273F0BE0003032D5 /* ImageLoader.swift */; };
/* End PBXBuildFile section */

/* Begin PBXContainerItemProxy section */
		18476D92273EFE7100D62C15 /* PBXContainerItemProxy */ = {
			isa = PBXContainerItemProxy;
			containerPortal = 18476D78273EFE6A00D62C15 /* Project object */;
			proxyType = 1;
			remoteGlobalIDString = 18476D7F273EFE6A00D62C15;
			remoteInfo = StarWarHeroes;
		};
		18476D9D273EFE7100D62C15 /* PBXContainerItemProxy */ = {
			isa = PBXContainerItemProxy;
			containerPortal = 18476D78273EFE6A00D62C15 /* Project object */;
			proxyType = 1;
			remoteGlobalIDString = 18476D7F273EFE6A00D62C15;
			remoteInfo = StarWarHeroes;
		};
/* End PBXContainerItemProxy section */

/* Begin PBXFileReference section */
		18476D80273EFE6A00D62C15 /* StarWarHeroes.app */ = {isa = PBXFileReference; explicitFileType = wrapper.application; includeInIndex = 0; path = StarWarHeroes.app; sourceTree = BUILT_PRODUCTS_DIR; };
		18476D83273EFE6A00D62C15 /* StarWarHeroesApp.swift */ = {isa = PBXFileReference; lastKnownFileType = sourcecode.swift; path = StarWarHeroesApp.swift; sourceTree = "<group>"; };
		18476D85273EFE6A00D62C15 /* ContentView.swift */ = {isa = PBXFileReference; lastKnownFileType = sourcecode.swift; path = ContentView.swift; sourceTree = "<group>"; };
		18476D87273EFE7100D62C15 /* Assets.xcassets */ = {isa = PBXFileReference; lastKnownFileType = folder.assetcatalog; path = Assets.xcassets; sourceTree = "<group>"; };
		18476D8A273EFE7100D62C15 /* Preview Assets.xcassets */ = {isa = PBXFileReference; lastKnownFileType = folder.assetcatalog; path = "Preview Assets.xcassets"; sourceTree = "<group>"; };
		18476D8C273EFE7100D62C15 /* Info.plist */ = {isa = PBXFileReference; lastKnownFileType = text.plist.xml; path = Info.plist; sourceTree = "<group>"; };
		18476D91273EFE7100D62C15 /* StarWarHeroesTests.xctest */ = {isa = PBXFileReference; explicitFileType = wrapper.cfbundle; includeInIndex = 0; path = StarWarHeroesTests.xctest; sourceTree = BUILT_PRODUCTS_DIR; };
		18476D95273EFE7100D62C15 /* StarWarHeroesTests.swift */ = {isa = PBXFileReference; lastKnownFileType = sourcecode.swift; path = StarWarHeroesTests.swift; sourceTree = "<group>"; };
		18476D97273EFE7100D62C15 /* Info.plist */ = {isa = PBXFileReference; lastKnownFileType = text.plist.xml; path = Info.plist; sourceTree = "<group>"; };
		18476D9C273EFE7100D62C15 /* StarWarHeroesUITests.xctest */ = {isa = PBXFileReference; explicitFileType = wrapper.cfbundle; includeInIndex = 0; path = StarWarHeroesUITests.xctest; sourceTree = BUILT_PRODUCTS_DIR; };
		18476DA0273EFE7200D62C15 /* StarWarHeroesUITests.swift */ = {isa = PBXFileReference; lastKnownFileType = sourcecode.swift; path = StarWarHeroesUITests.swift; sourceTree = "<group>"; };
		18476DA2273EFE7200D62C15 /* Info.plist */ = {isa = PBXFileReference; lastKnownFileType = text.plist.xml; path = Info.plist; sourceTree = "<group>"; };
		18476DB9273EFEEF00D62C15 /* HerosData.json */ = {isa = PBXFileReference; fileEncoding = 4; lastKnownFileType = text.json; name = HerosData.json; path = StarWarHeroes/HerosData.json; sourceTree = SOURCE_ROOT; };
		18476DC6273EFF5900D62C15 /* StarWarList.swift */ = {isa = PBXFileReference; lastKnownFileType = sourcecode.swift; path = StarWarList.swift; sourceTree = "<group>"; };
		18476DCC273F003700D62C15 /* StarWarResponse.swift */ = {isa = PBXFileReference; lastKnownFileType = sourcecode.swift; path = StarWarResponse.swift; sourceTree = "<group>"; };
		18476DD5273F009F00D62C15 /* StarWarCell.swift */ = {isa = PBXFileReference; lastKnownFileType = sourcecode.swift; path = StarWarCell.swift; sourceTree = "<group>"; };
		18476DDA273F012100D62C15 /* HerosLoader.swift */ = {isa = PBXFileReference; fileEncoding = 4; lastKnownFileType = sourcecode.swift; path = HerosLoader.swift; sourceTree = "<group>"; };
		18476DE0273F01C300D62C15 /* StarWarDetailsView.swift */ = {isa = PBXFileReference; lastKnownFileType = sourcecode.swift; path = StarWarDetailsView.swift; sourceTree = "<group>"; };
		18A4D8D8273F06D2003032D5 /* StarWarImage.swift */ = {isa = PBXFileReference; lastKnownFileType = sourcecode.swift; path = StarWarImage.swift; sourceTree = "<group>"; };
		18A4D8E1273F0BE0003032D5 /* ImageLoader.swift */ = {isa = PBXFileReference; lastKnownFileType = sourcecode.swift; path = ImageLoader.swift; sourceTree = "<group>"; };
/* End PBXFileReference section */

/* Begin PBXFrameworksBuildPhase section */
		18476D7D273EFE6A00D62C15 /* Frameworks */ = {
			isa = PBXFrameworksBuildPhase;
			buildActionMask = 2147483647;
			files = (
			);
			runOnlyForDeploymentPostprocessing = 0;
		};
		18476D8E273EFE7100D62C15 /* Frameworks */ = {
			isa = PBXFrameworksBuildPhase;
			buildActionMask = 2147483647;
			files = (
			);
			runOnlyForDeploymentPostprocessing = 0;
		};
		18476D99273EFE7100D62C15 /* Frameworks */ = {
			isa = PBXFrameworksBuildPhase;
			buildActionMask = 2147483647;
			files = (
			);
			runOnlyForDeploymentPostprocessing = 0;
		};
/* End PBXFrameworksBuildPhase section */

/* Begin PBXGroup section */
		18476D77273EFE6A00D62C15 = {
			isa = PBXGroup;
			children = (
				18476D82273EFE6A00D62C15 /* StarWarHeroes */,
				18476D94273EFE7100D62C15 /* StarWarHeroesTests */,
				18476D9F273EFE7200D62C15 /* StarWarHeroesUITests */,
				18476D81273EFE6A00D62C15 /* Products */,
			);
			sourceTree = "<group>";
		};
		18476D81273EFE6A00D62C15 /* Products */ = {
			isa = PBXGroup;
			children = (
				18476D80273EFE6A00D62C15 /* StarWarHeroes.app */,
				18476D91273EFE7100D62C15 /* StarWarHeroesTests.xctest */,
				18476D9C273EFE7100D62C15 /* StarWarHeroesUITests.xctest */,
			);
			name = Products;
			sourceTree = "<group>";
		};
		18476D82273EFE6A00D62C15 /* StarWarHeroes */ = {
			isa = PBXGroup;
			children = (
				18A4D8E0273F0BC2003032D5 /* ImageLoader */,
				18476DB8273EFEE100D62C15 /* Resources */,
				18476DB5273EFE8600D62C15 /* Details */,
				18476DB1273EFE8000D62C15 /* List */,
				18476D83273EFE6A00D62C15 /* StarWarHeroesApp.swift */,
				18476D85273EFE6A00D62C15 /* ContentView.swift */,
				18476D87273EFE7100D62C15 /* Assets.xcassets */,
				18476D8C273EFE7100D62C15 /* Info.plist */,
				18476D89273EFE7100D62C15 /* Preview Content */,
			);
			path = StarWarHeroes;
			sourceTree = "<group>";
		};
		18476D89273EFE7100D62C15 /* Preview Content */ = {
			isa = PBXGroup;
			children = (
				18476D8A273EFE7100D62C15 /* Preview Assets.xcassets */,
			);
			path = "Preview Content";
			sourceTree = "<group>";
		};
		18476D94273EFE7100D62C15 /* StarWarHeroesTests */ = {
			isa = PBXGroup;
			children = (
				18476D95273EFE7100D62C15 /* StarWarHeroesTests.swift */,
				18476D97273EFE7100D62C15 /* Info.plist */,
			);
			path = StarWarHeroesTests;
			sourceTree = "<group>";
		};
		18476D9F273EFE7200D62C15 /* StarWarHeroesUITests */ = {
			isa = PBXGroup;
			children = (
				18476DA0273EFE7200D62C15 /* StarWarHeroesUITests.swift */,
				18476DA2273EFE7200D62C15 /* Info.plist */,
			);
			path = StarWarHeroesUITests;
			sourceTree = "<group>";
		};
		18476DB1273EFE8000D62C15 /* List */ = {
			isa = PBXGroup;
			children = (
				18476DDA273F012100D62C15 /* HerosLoader.swift */,
				18476DD4273F008B00D62C15 /* Cell */,
				18476DB7273EFE9900D62C15 /* View */,
				18476DB6273EFE9200D62C15 /* Model */,
			);
			path = List;
			sourceTree = "<group>";
		};
		18476DB5273EFE8600D62C15 /* Details */ = {
			isa = PBXGroup;
			children = (
				18A4D8D7273F06BE003032D5 /* SubViews */,
				18476DDF273F019B00D62C15 /* View */,
			);
			path = Details;
			sourceTree = "<group>";
		};
		18476DB6273EFE9200D62C15 /* Model */ = {
			isa = PBXGroup;
			children = (
				18476DCC273F003700D62C15 /* StarWarResponse.swift */,
			);
			path = Model;
			sourceTree = "<group>";
		};
		18476DB7273EFE9900D62C15 /* View */ = {
			isa = PBXGroup;
			children = (
				18476DC6273EFF5900D62C15 /* StarWarList.swift */,
			);
			path = View;
			sourceTree = "<group>";
		};
		18476DB8273EFEE100D62C15 /* Resources */ = {
			isa = PBXGroup;
			children = (
				18476DB9273EFEEF00D62C15 /* HerosData.json */,
			);
			path = Resources;
			sourceTree = "<group>";
		};
		18476DD4273F008B00D62C15 /* Cell */ = {
			isa = PBXGroup;
			children = (
				18476DD5273F009F00D62C15 /* StarWarCell.swift */,
			);
			path = Cell;
			sourceTree = "<group>";
		};
		18476DDF273F019B00D62C15 /* View */ = {
			isa = PBXGroup;
			children = (
				18476DE0273F01C300D62C15 /* StarWarDetailsView.swift */,
			);
			path = View;
			sourceTree = "<group>";
		};
		18A4D8D7273F06BE003032D5 /* SubViews */ = {
			isa = PBXGroup;
			children = (
				18A4D8D8273F06D2003032D5 /* StarWarImage.swift */,
			);
			path = SubViews;
			sourceTree = "<group>";
		};
		18A4D8E0273F0BC2003032D5 /* ImageLoader */ = {
			isa = PBXGroup;
			children = (
				18A4D8E1273F0BE0003032D5 /* ImageLoader.swift */,
			);
			path = ImageLoader;
			sourceTree = "<group>";
		};
/* End PBXGroup section */

/* Begin PBXNativeTarget section */
		18476D7F273EFE6A00D62C15 /* StarWarHeroes */ = {
			isa = PBXNativeTarget;
			buildConfigurationList = 18476DA5273EFE7200D62C15 /* Build configuration list for PBXNativeTarget "StarWarHeroes" */;
			buildPhases = (
				18476D7C273EFE6A00D62C15 /* Sources */,
				18476D7D273EFE6A00D62C15 /* Frameworks */,
				18476D7E273EFE6A00D62C15 /* Resources */,
			);
			buildRules = (
			);
			dependencies = (
			);
			name = StarWarHeroes;
			productName = StarWarHeroes;
			productReference = 18476D80273EFE6A00D62C15 /* StarWarHeroes.app */;
			productType = "com.apple.product-type.application";
		};
		18476D90273EFE7100D62C15 /* StarWarHeroesTests */ = {
			isa = PBXNativeTarget;
			buildConfigurationList = 18476DA8273EFE7200D62C15 /* Build configuration list for PBXNativeTarget "StarWarHeroesTests" */;
			buildPhases = (
				18476D8D273EFE7100D62C15 /* Sources */,
				18476D8E273EFE7100D62C15 /* Frameworks */,
				18476D8F273EFE7100D62C15 /* Resources */,
			);
			buildRules = (
			);
			dependencies = (
				18476D93273EFE7100D62C15 /* PBXTargetDependency */,
			);
			name = StarWarHeroesTests;
			productName = StarWarHeroesTests;
			productReference = 18476D91273EFE7100D62C15 /* StarWarHeroesTests.xctest */;
			productType = "com.apple.product-type.bundle.unit-test";
		};
		18476D9B273EFE7100D62C15 /* StarWarHeroesUITests */ = {
			isa = PBXNativeTarget;
			buildConfigurationList = 18476DAB273EFE7200D62C15 /* Build configuration list for PBXNativeTarget "StarWarHeroesUITests" */;
			buildPhases = (
				18476D98273EFE7100D62C15 /* Sources */,
				18476D99273EFE7100D62C15 /* Frameworks */,
				18476D9A273EFE7100D62C15 /* Resources */,
			);
			buildRules = (
			);
			dependencies = (
				18476D9E273EFE7100D62C15 /* PBXTargetDependency */,
			);
			name = StarWarHeroesUITests;
			productName = StarWarHeroesUITests;
			productReference = 18476D9C273EFE7100D62C15 /* StarWarHeroesUITests.xctest */;
			productType = "com.apple.product-type.bundle.ui-testing";
		};
/* End PBXNativeTarget section */

/* Begin PBXProject section */
		18476D78273EFE6A00D62C15 /* Project object */ = {
			isa = PBXProject;
			attributes = {
				LastSwiftUpdateCheck = 1240;
				LastUpgradeCheck = 1240;
				TargetAttributes = {
					18476D7F273EFE6A00D62C15 = {
						CreatedOnToolsVersion = 12.4;
					};
					18476D90273EFE7100D62C15 = {
						CreatedOnToolsVersion = 12.4;
						TestTargetID = 18476D7F273EFE6A00D62C15;
					};
					18476D9B273EFE7100D62C15 = {
						CreatedOnToolsVersion = 12.4;
						TestTargetID = 18476D7F273EFE6A00D62C15;
					};
				};
			};
			buildConfigurationList = 18476D7B273EFE6A00D62C15 /* Build configuration list for PBXProject "StarWarHeroes" */;
			compatibilityVersion = "Xcode 9.3";
			developmentRegion = en;
			hasScannedForEncodings = 0;
			knownRegions = (
				en,
				Base,
			);
			mainGroup = 18476D77273EFE6A00D62C15;
			productRefGroup = 18476D81273EFE6A00D62C15 /* Products */;
			projectDirPath = "";
			projectRoot = "";
			targets = (
				18476D7F273EFE6A00D62C15 /* StarWarHeroes */,
				18476D90273EFE7100D62C15 /* StarWarHeroesTests */,
				18476D9B273EFE7100D62C15 /* StarWarHeroesUITests */,
			);
		};
/* End PBXProject section */

/* Begin PBXResourcesBuildPhase section */
		18476D7E273EFE6A00D62C15 /* Resources */ = {
			isa = PBXResourcesBuildPhase;
			buildActionMask = 2147483647;
			files = (
				18476D8B273EFE7100D62C15 /* Preview Assets.xcassets in Resources */,
				18476D88273EFE7100D62C15 /* Assets.xcassets in Resources */,
				18476DBA273EFEEF00D62C15 /* HerosData.json in Resources */,
			);
			runOnlyForDeploymentPostprocessing = 0;
		};
		18476D8F273EFE7100D62C15 /* Resources */ = {
			isa = PBXResourcesBuildPhase;
			buildActionMask = 2147483647;
			files = (
			);
			runOnlyForDeploymentPostprocessing = 0;
		};
		18476D9A273EFE7100D62C15 /* Resources */ = {
			isa = PBXResourcesBuildPhase;
			buildActionMask = 2147483647;
			files = (
			);
			runOnlyForDeploymentPostprocessing = 0;
		};
/* End PBXResourcesBuildPhase section */

/* Begin PBXSourcesBuildPhase section */
		18476D7C273EFE6A00D62C15 /* Sources */ = {
			isa = PBXSourcesBuildPhase;
			buildActionMask = 2147483647;
			files = (
				18476DE1273F01C300D62C15 /* StarWarDetailsView.swift in Sources */,
				18476D86273EFE6A00D62C15 /* ContentView.swift in Sources */,
				18476DD6273F009F00D62C15 /* StarWarCell.swift in Sources */,
				18476DC7273EFF5900D62C15 /* StarWarList.swift in Sources */,
				18A4D8D9273F06D2003032D5 /* StarWarImage.swift in Sources */,
				18A4D8E2273F0BE0003032D5 /* ImageLoader.swift in Sources */,
				18476D84273EFE6A00D62C15 /* StarWarHeroesApp.swift in Sources */,
				18476DDB273F012100D62C15 /* HerosLoader.swift in Sources */,
				18476DCD273F003700D62C15 /* StarWarResponse.swift in Sources */,
			);
			runOnlyForDeploymentPostprocessing = 0;
		};
		18476D8D273EFE7100D62C15 /* Sources */ = {
			isa = PBXSourcesBuildPhase;
			buildActionMask = 2147483647;
			files = (
				18476D96273EFE7100D62C15 /* StarWarHeroesTests.swift in Sources */,
			);
			runOnlyForDeploymentPostprocessing = 0;
		};
		18476D98273EFE7100D62C15 /* Sources */ = {
			isa = PBXSourcesBuildPhase;
			buildActionMask = 2147483647;
			files = (
				18476DA1273EFE7200D62C15 /* StarWarHeroesUITests.swift in Sources */,
			);
			runOnlyForDeploymentPostprocessing = 0;
		};
/* End PBXSourcesBuildPhase section */

/* Begin PBXTargetDependency section */
		18476D93273EFE7100D62C15 /* PBXTargetDependency */ = {
			isa = PBXTargetDependency;
			target = 18476D7F273EFE6A00D62C15 /* StarWarHeroes */;
			targetProxy = 18476D92273EFE7100D62C15 /* PBXContainerItemProxy */;
		};
		18476D9E273EFE7100D62C15 /* PBXTargetDependency */ = {
			isa = PBXTargetDependency;
			target = 18476D7F273EFE6A00D62C15 /* StarWarHeroes */;
			targetProxy = 18476D9D273EFE7100D62C15 /* PBXContainerItemProxy */;
		};
/* End PBXTargetDependency section */

/* Begin XCBuildConfiguration section */
		18476DA3273EFE7200D62C15 /* Debug */ = {
			isa = XCBuildConfiguration;
			buildSettings = {
				ALWAYS_SEARCH_USER_PATHS = NO;
				CLANG_ANALYZER_NONNULL = YES;
				CLANG_ANALYZER_NUMBER_OBJECT_CONVERSION = YES_AGGRESSIVE;
				CLANG_CXX_LANGUAGE_STANDARD = "gnu++14";
				CLANG_CXX_LIBRARY = "libc++";
				CLANG_ENABLE_MODULES = YES;
				CLANG_ENABLE_OBJC_ARC = YES;
				CLANG_ENABLE_OBJC_WEAK = YES;
				CLANG_WARN_BLOCK_CAPTURE_AUTORELEASING = YES;
				CLANG_WARN_BOOL_CONVERSION = YES;
				CLANG_WARN_COMMA = YES;
				CLANG_WARN_CONSTANT_CONVERSION = YES;
				CLANG_WARN_DEPRECATED_OBJC_IMPLEMENTATIONS = YES;
				CLANG_WARN_DIRECT_OBJC_ISA_USAGE = YES_ERROR;
				CLANG_WARN_DOCUMENTATION_COMMENTS = YES;
				CLANG_WARN_EMPTY_BODY = YES;
				CLANG_WARN_ENUM_CONVERSION = YES;
				CLANG_WARN_INFINITE_RECURSION = YES;
				CLANG_WARN_INT_CONVERSION = YES;
				CLANG_WARN_NON_LITERAL_NULL_CONVERSION = YES;
				CLANG_WARN_OBJC_IMPLICIT_RETAIN_SELF = YES;
				CLANG_WARN_OBJC_LITERAL_CONVERSION = YES;
				CLANG_WARN_OBJC_ROOT_CLASS = YES_ERROR;
				CLANG_WARN_QUOTED_INCLUDE_IN_FRAMEWORK_HEADER = YES;
				CLANG_WARN_RANGE_LOOP_ANALYSIS = YES;
				CLANG_WARN_STRICT_PROTOTYPES = YES;
				CLANG_WARN_SUSPICIOUS_MOVE = YES;
				CLANG_WARN_UNGUARDED_AVAILABILITY = YES_AGGRESSIVE;
				CLANG_WARN_UNREACHABLE_CODE = YES;
				CLANG_WARN__DUPLICATE_METHOD_MATCH = YES;
				COPY_PHASE_STRIP = NO;
				DEBUG_INFORMATION_FORMAT = dwarf;
				ENABLE_STRICT_OBJC_MSGSEND = YES;
				ENABLE_TESTABILITY = YES;
				GCC_C_LANGUAGE_STANDARD = gnu11;
				GCC_DYNAMIC_NO_PIC = NO;
				GCC_NO_COMMON_BLOCKS = YES;
				GCC_OPTIMIZATION_LEVEL = 0;
				GCC_PREPROCESSOR_DEFINITIONS = (
					"DEBUG=1",
					"$(inherited)",
				);
				GCC_WARN_64_TO_32_BIT_CONVERSION = YES;
				GCC_WARN_ABOUT_RETURN_TYPE = YES_ERROR;
				GCC_WARN_UNDECLARED_SELECTOR = YES;
				GCC_WARN_UNINITIALIZED_AUTOS = YES_AGGRESSIVE;
				GCC_WARN_UNUSED_FUNCTION = YES;
				GCC_WARN_UNUSED_VARIABLE = YES;
				IPHONEOS_DEPLOYMENT_TARGET = 14.4;
				MTL_ENABLE_DEBUG_INFO = INCLUDE_SOURCE;
				MTL_FAST_MATH = YES;
				ONLY_ACTIVE_ARCH = YES;
				SDKROOT = iphoneos;
				SWIFT_ACTIVE_COMPILATION_CONDITIONS = DEBUG;
				SWIFT_OPTIMIZATION_LEVEL = "-Onone";
			};
			name = Debug;
		};
		18476DA4273EFE7200D62C15 /* Release */ = {
			isa = XCBuildConfiguration;
			buildSettings = {
				ALWAYS_SEARCH_USER_PATHS = NO;
				CLANG_ANALYZER_NONNULL = YES;
				CLANG_ANALYZER_NUMBER_OBJECT_CONVERSION = YES_AGGRESSIVE;
				CLANG_CXX_LANGUAGE_STANDARD = "gnu++14";
				CLANG_CXX_LIBRARY = "libc++";
				CLANG_ENABLE_MODULES = YES;
				CLANG_ENABLE_OBJC_ARC = YES;
				CLANG_ENABLE_OBJC_WEAK = YES;
				CLANG_WARN_BLOCK_CAPTURE_AUTORELEASING = YES;
				CLANG_WARN_BOOL_CONVERSION = YES;
				CLANG_WARN_COMMA = YES;
				CLANG_WARN_CONSTANT_CONVERSION = YES;
				CLANG_WARN_DEPRECATED_OBJC_IMPLEMENTATIONS = YES;
				CLANG_WARN_DIRECT_OBJC_ISA_USAGE = YES_ERROR;
				CLANG_WARN_DOCUMENTATION_COMMENTS = YES;
				CLANG_WARN_EMPTY_BODY = YES;
				CLANG_WARN_ENUM_CONVERSION = YES;
				CLANG_WARN_INFINITE_RECURSION = YES;
				CLANG_WARN_INT_CONVERSION = YES;
				CLANG_WARN_NON_LITERAL_NULL_CONVERSION = YES;
				CLANG_WARN_OBJC_IMPLICIT_RETAIN_SELF = YES;
				CLANG_WARN_OBJC_LITERAL_CONVERSION = YES;
				CLANG_WARN_OBJC_ROOT_CLASS = YES_ERROR;
				CLANG_WARN_QUOTED_INCLUDE_IN_FRAMEWORK_HEADER = YES;
				CLANG_WARN_RANGE_LOOP_ANALYSIS = YES;
				CLANG_WARN_STRICT_PROTOTYPES = YES;
				CLANG_WARN_SUSPICIOUS_MOVE = YES;
				CLANG_WARN_UNGUARDED_AVAILABILITY = YES_AGGRESSIVE;
				CLANG_WARN_UNREACHABLE_CODE = YES;
				CLANG_WARN__DUPLICATE_METHOD_MATCH = YES;
				COPY_PHASE_STRIP = NO;
				DEBUG_INFORMATION_FORMAT = "dwarf-with-dsym";
				ENABLE_NS_ASSERTIONS = NO;
				ENABLE_STRICT_OBJC_MSGSEND = YES;
				GCC_C_LANGUAGE_STANDARD = gnu11;
				GCC_NO_COMMON_BLOCKS = YES;
				GCC_WARN_64_TO_32_BIT_CONVERSION = YES;
				GCC_WARN_ABOUT_RETURN_TYPE = YES_ERROR;
				GCC_WARN_UNDECLARED_SELECTOR = YES;
				GCC_WARN_UNINITIALIZED_AUTOS = YES_AGGRESSIVE;
				GCC_WARN_UNUSED_FUNCTION = YES;
				GCC_WARN_UNUSED_VARIABLE = YES;
				IPHONEOS_DEPLOYMENT_TARGET = 14.4;
				MTL_ENABLE_DEBUG_INFO = NO;
				MTL_FAST_MATH = YES;
				SDKROOT = iphoneos;
				SWIFT_COMPILATION_MODE = wholemodule;
				SWIFT_OPTIMIZATION_LEVEL = "-O";
				VALIDATE_PRODUCT = YES;
			};
			name = Release;
		};
		18476DA6273EFE7200D62C15 /* Debug */ = {
			isa = XCBuildConfiguration;
			buildSettings = {
				ASSETCATALOG_COMPILER_APPICON_NAME = AppIcon;
				ASSETCATALOG_COMPILER_GLOBAL_ACCENT_COLOR_NAME = AccentColor;
				CODE_SIGN_STYLE = Automatic;
				DEVELOPMENT_ASSET_PATHS = "\"StarWarHeroes/Preview Content\"";
				DEVELOPMENT_TEAM = 7G7238MTLW;
				ENABLE_PREVIEWS = YES;
				INFOPLIST_FILE = StarWarHeroes/Info.plist;
				IPHONEOS_DEPLOYMENT_TARGET = 14.0;
				LD_RUNPATH_SEARCH_PATHS = (
					"$(inherited)",
					"@executable_path/Frameworks",
				);
				PRODUCT_BUNDLE_IDENTIFIER = Allied.StarWarHeroes;
				PRODUCT_NAME = "$(TARGET_NAME)";
				SWIFT_VERSION = 5.0;
				TARGETED_DEVICE_FAMILY = "1,2";
			};
			name = Debug;
		};
		18476DA7273EFE7200D62C15 /* Release */ = {
			isa = XCBuildConfiguration;
			buildSettings = {
				ASSETCATALOG_COMPILER_APPICON_NAME = AppIcon;
				ASSETCATALOG_COMPILER_GLOBAL_ACCENT_COLOR_NAME = AccentColor;
				CODE_SIGN_STYLE = Automatic;
				DEVELOPMENT_ASSET_PATHS = "\"StarWarHeroes/Preview Content\"";
				DEVELOPMENT_TEAM = 7G7238MTLW;
				ENABLE_PREVIEWS = YES;
				INFOPLIST_FILE = StarWarHeroes/Info.plist;
				IPHONEOS_DEPLOYMENT_TARGET = 14.0;
				LD_RUNPATH_SEARCH_PATHS = (
					"$(inherited)",
					"@executable_path/Frameworks",
				);
				PRODUCT_BUNDLE_IDENTIFIER = Allied.StarWarHeroes;
				PRODUCT_NAME = "$(TARGET_NAME)";
				SWIFT_VERSION = 5.0;
				TARGETED_DEVICE_FAMILY = "1,2";
			};
			name = Release;
		};
		18476DA9273EFE7200D62C15 /* Debug */ = {
			isa = XCBuildConfiguration;
			buildSettings = {
				ALWAYS_EMBED_SWIFT_STANDARD_LIBRARIES = YES;
				BUNDLE_LOADER = "$(TEST_HOST)";
				CODE_SIGN_STYLE = Automatic;
				DEVELOPMENT_TEAM = 7G7238MTLW;
				INFOPLIST_FILE = StarWarHeroesTests/Info.plist;
				IPHONEOS_DEPLOYMENT_TARGET = 14.0;
				LD_RUNPATH_SEARCH_PATHS = (
					"$(inherited)",
					"@executable_path/Frameworks",
					"@loader_path/Frameworks",
				);
				PRODUCT_BUNDLE_IDENTIFIER = Allied.StarWarHeroesTests;
				PRODUCT_NAME = "$(TARGET_NAME)";
				SWIFT_VERSION = 5.0;
				TARGETED_DEVICE_FAMILY = "1,2";
				TEST_HOST = "$(BUILT_PRODUCTS_DIR)/StarWarHeroes.app/StarWarHeroes";
			};
			name = Debug;
		};
		18476DAA273EFE7200D62C15 /* Release */ = {
			isa = XCBuildConfiguration;
			buildSettings = {
				ALWAYS_EMBED_SWIFT_STANDARD_LIBRARIES = YES;
				BUNDLE_LOADER = "$(TEST_HOST)";
				CODE_SIGN_STYLE = Automatic;
				DEVELOPMENT_TEAM = 7G7238MTLW;
				INFOPLIST_FILE = StarWarHeroesTests/Info.plist;
				IPHONEOS_DEPLOYMENT_TARGET = 14.0;
				LD_RUNPATH_SEARCH_PATHS = (
					"$(inherited)",
					"@executable_path/Frameworks",
					"@loader_path/Frameworks",
				);
				PRODUCT_BUNDLE_IDENTIFIER = Allied.StarWarHeroesTests;
				PRODUCT_NAME = "$(TARGET_NAME)";
				SWIFT_VERSION = 5.0;
				TARGETED_DEVICE_FAMILY = "1,2";
				TEST_HOST = "$(BUILT_PRODUCTS_DIR)/StarWarHeroes.app/StarWarHeroes";
			};
			name = Release;
		};
		18476DAC273EFE7200D62C15 /* Debug */ = {
			isa = XCBuildConfiguration;
			buildSettings = {
				ALWAYS_EMBED_SWIFT_STANDARD_LIBRARIES = YES;
				CODE_SIGN_STYLE = Automatic;
				DEVELOPMENT_TEAM = 7G7238MTLW;
				INFOPLIST_FILE = StarWarHeroesUITests/Info.plist;
				LD_RUNPATH_SEARCH_PATHS = (
					"$(inherited)",
					"@executable_path/Frameworks",
					"@loader_path/Frameworks",
				);
				PRODUCT_BUNDLE_IDENTIFIER = Allied.StarWarHeroesUITests;
				PRODUCT_NAME = "$(TARGET_NAME)";
				SWIFT_VERSION = 5.0;
				TARGETED_DEVICE_FAMILY = "1,2";
				TEST_TARGET_NAME = StarWarHeroes;
			};
			name = Debug;
		};
		18476DAD273EFE7200D62C15 /* Release */ = {
			isa = XCBuildConfiguration;
			buildSettings = {
				ALWAYS_EMBED_SWIFT_STANDARD_LIBRARIES = YES;
				CODE_SIGN_STYLE = Automatic;
				DEVELOPMENT_TEAM = 7G7238MTLW;
				INFOPLIST_FILE = StarWarHeroesUITests/Info.plist;
				LD_RUNPATH_SEARCH_PATHS = (
					"$(inherited)",
					"@executable_path/Frameworks",
					"@loader_path/Frameworks",
				);
				PRODUCT_BUNDLE_IDENTIFIER = Allied.StarWarHeroesUITests;
				PRODUCT_NAME = "$(TARGET_NAME)";
				SWIFT_VERSION = 5.0;
				TARGETED_DEVICE_FAMILY = "1,2";
				TEST_TARGET_NAME = StarWarHeroes;
			};
			name = Release;
		};
/* End XCBuildConfiguration section */

/* Begin XCConfigurationList section */
		18476D7B273EFE6A00D62C15 /* Build configuration list for PBXProject "StarWarHeroes" */ = {
			isa = XCConfigurationList;
			buildConfigurations = (
				18476DA3273EFE7200D62C15 /* Debug */,
				18476DA4273EFE7200D62C15 /* Release */,
			);
			defaultConfigurationIsVisible = 0;
			defaultConfigurationName = Release;
		};
		18476DA5273EFE7200D62C15 /* Build configuration list for PBXNativeTarget "StarWarHeroes" */ = {
			isa = XCConfigurationList;
			buildConfigurations = (
				18476DA6273EFE7200D62C15 /* Debug */,
				18476DA7273EFE7200D62C15 /* Release */,
			);
			defaultConfigurationIsVisible = 0;
			defaultConfigurationName = Release;
		};
		18476DA8273EFE7200D62C15 /* Build configuration list for PBXNativeTarget "StarWarHeroesTests" */ = {
			isa = XCConfigurationList;
			buildConfigurations = (
				18476DA9273EFE7200D62C15 /* Debug */,
				18476DAA273EFE7200D62C15 /* Release */,
			);
			defaultConfigurationIsVisible = 0;
			defaultConfigurationName = Release;
		};
		18476DAB273EFE7200D62C15 /* Build configuration list for PBXNativeTarget "StarWarHeroesUITests" */ = {
			isa = XCConfigurationList;
			buildConfigurations = (
				18476DAC273EFE7200D62C15 /* Debug */,
				18476DAD273EFE7200D62C15 /* Release */,
			);
			defaultConfigurationIsVisible = 0;
			defaultConfigurationName = Release;
		};
/* End XCConfigurationList section */
	};
	rootObject = 18476D78273EFE6A00D62C15 /* Project object */;
}
